// !$*UTF8*$!
{
	archiveVersion = 1;
	classes = {
	};
	objectVersion = 56;
	objects = {

/* Begin PBXBuildFile section */
		3E35C0712C1837E5007D399C /* 장마.swift in Sources */ = {isa = PBXBuildFile; fileRef = 3E35C0702C1837E5007D399C /* 장마.swift */; };
		3E35C0732C18A13E007D399C /* 계수기 만들기.swift in Sources */ = {isa = PBXBuildFile; fileRef = 3E35C0722C18A13E007D399C /* 계수기 만들기.swift */; };
		3E35C0762C197F17007D399C /* 단풍나무.swift in Sources */ = {isa = PBXBuildFile; fileRef = 3E35C0752C197F17007D399C /* 단풍나무.swift */; };
		3E35C0782C19803B007D399C /* 0커플.swift in Sources */ = {isa = PBXBuildFile; fileRef = 3E35C0772C19803B007D399C /* 0커플.swift */; };
		3E35C07B2C1ABD5E007D399C /* main.swift in Sources */ = {isa = PBXBuildFile; fileRef = 3E35C0682C1837C9007D399C /* main.swift */; };
/* End PBXBuildFile section */

/* Begin PBXCopyFilesBuildPhase section */
		3E35C0632C1837C9007D399C /* CopyFiles */ = {
			isa = PBXCopyFilesBuildPhase;
			buildActionMask = 2147483647;
			dstPath = /usr/share/man/man1/;
			dstSubfolderSpec = 0;
			files = (
			);
			runOnlyForDeploymentPostprocessing = 1;
		};
/* End PBXCopyFilesBuildPhase section */

/* Begin PBXFileReference section */
		3E35C0652C1837C9007D399C /* Swift_goorm */ = {isa = PBXFileReference; explicitFileType = "compiled.mach-o.executable"; includeInIndex = 0; path = Swift_goorm; sourceTree = BUILT_PRODUCTS_DIR; };
		3E35C0682C1837C9007D399C /* main.swift */ = {isa = PBXFileReference; lastKnownFileType = sourcecode.swift; path = main.swift; sourceTree = "<group>"; };
		3E35C0702C1837E5007D399C /* 장마.swift */ = {isa = PBXFileReference; lastKnownFileType = sourcecode.swift; path = "장마.swift"; sourceTree = "<group>"; };
		3E35C0722C18A13E007D399C /* 계수기 만들기.swift */ = {isa = PBXFileReference; lastKnownFileType = sourcecode.swift; path = "계수기 만들기.swift"; sourceTree = "<group>"; };
		3E35C0752C197F17007D399C /* 단풍나무.swift */ = {isa = PBXFileReference; lastKnownFileType = sourcecode.swift; path = "단풍나무.swift"; sourceTree = "<group>"; };
		3E35C0772C19803B007D399C /* 0커플.swift */ = {isa = PBXFileReference; lastKnownFileType = sourcecode.swift; path = "0커플.swift"; sourceTree = "<group>"; };
		3E35C0792C19F903007D399C /* 블록 게임.swift */ = {isa = PBXFileReference; lastKnownFileType = sourcecode.swift; path = "블록 게임.swift"; sourceTree = "<group>"; };
		3E35C07C2C1ACFD2007D399C /* ADAS 시스템.swift */ = {isa = PBXFileReference; lastKnownFileType = sourcecode.swift; path = "ADAS 시스템.swift"; sourceTree = "<group>"; };
/* End PBXFileReference section */

/* Begin PBXFrameworksBuildPhase section */
		3E35C0622C1837C9007D399C /* Frameworks */ = {
			isa = PBXFrameworksBuildPhase;
			buildActionMask = 2147483647;
			files = (
			);
			runOnlyForDeploymentPostprocessing = 0;
		};
/* End PBXFrameworksBuildPhase section */

/* Begin PBXGroup section */
		3E35C05C2C1837C9007D399C = {
			isa = PBXGroup;
			children = (
				3E35C0672C1837C9007D399C /* Swift_goorm */,
				3E35C0662C1837C9007D399C /* Products */,
			);
			sourceTree = "<group>";
		};
		3E35C0662C1837C9007D399C /* Products */ = {
			isa = PBXGroup;
			children = (
				3E35C0652C1837C9007D399C /* Swift_goorm */,
			);
			name = Products;
			sourceTree = "<group>";
		};
		3E35C0672C1837C9007D399C /* Swift_goorm */ = {
			isa = PBXGroup;
			children = (
				3E35C0742C197F0B007D399C /* ⭐️⭐️⭐️ */,
				3E35C06F2C1837CE007D399C /* ⭐️⭐️ */,
				3E35C0682C1837C9007D399C /* main.swift */,
			);
			path = Swift_goorm;
			sourceTree = "<group>";
		};
		3E35C06F2C1837CE007D399C /* ⭐️⭐️ */ = {
			isa = PBXGroup;
			children = (
				3E35C0702C1837E5007D399C /* 장마.swift */,
				3E35C0722C18A13E007D399C /* 계수기 만들기.swift */,
				3E35C0772C19803B007D399C /* 0커플.swift */,
				3E35C0792C19F903007D399C /* 블록 게임.swift */,
			);
			path = "⭐️⭐️";
			sourceTree = "<group>";
		};
		3E35C0742C197F0B007D399C /* ⭐️⭐️⭐️ */ = {
			isa = PBXGroup;
			children = (
				3E35C0752C197F17007D399C /* 단풍나무.swift */,
				3E35C07C2C1ACFD2007D399C /* ADAS 시스템.swift */,
			);
			path = "⭐️⭐️⭐️";
			sourceTree = "<group>";
		};
/* End PBXGroup section */

/* Begin PBXNativeTarget section */
		3E35C0642C1837C9007D399C /* Swift_goorm */ = {
			isa = PBXNativeTarget;
			buildConfigurationList = 3E35C06C2C1837C9007D399C /* Build configuration list for PBXNativeTarget "Swift_goorm" */;
			buildPhases = (
				3E35C0612C1837C9007D399C /* Sources */,
				3E35C0622C1837C9007D399C /* Frameworks */,
				3E35C0632C1837C9007D399C /* CopyFiles */,
			);
			buildRules = (
			);
			dependencies = (
			);
			name = Swift_goorm;
			productName = Swift_goorm;
			productReference = 3E35C0652C1837C9007D399C /* Swift_goorm */;
			productType = "com.apple.product-type.tool";
		};
/* End PBXNativeTarget section */

/* Begin PBXProject section */
		3E35C05D2C1837C9007D399C /* Project object */ = {
			isa = PBXProject;
			attributes = {
				BuildIndependentTargetsInParallel = 1;
				LastSwiftUpdateCheck = 1540;
				LastUpgradeCheck = 1540;
				TargetAttributes = {
					3E35C0642C1837C9007D399C = {
						CreatedOnToolsVersion = 15.4;
					};
				};
			};
			buildConfigurationList = 3E35C0602C1837C9007D399C /* Build configuration list for PBXProject "Swift_goorm" */;
			compatibilityVersion = "Xcode 14.0";
			developmentRegion = en;
			hasScannedForEncodings = 0;
			knownRegions = (
				en,
				Base,
			);
			mainGroup = 3E35C05C2C1837C9007D399C;
			productRefGroup = 3E35C0662C1837C9007D399C /* Products */;
			projectDirPath = "";
			projectRoot = "";
			targets = (
				3E35C0642C1837C9007D399C /* Swift_goorm */,
			);
		};
/* End PBXProject section */

/* Begin PBXSourcesBuildPhase section */
		3E35C0612C1837C9007D399C /* Sources */ = {
			isa = PBXSourcesBuildPhase;
			buildActionMask = 2147483647;
			files = (
				3E35C0762C197F17007D399C /* 단풍나무.swift in Sources */,
				3E35C07B2C1ABD5E007D399C /* main.swift in Sources */,
				3E35C0712C1837E5007D399C /* 장마.swift in Sources */,
				3E35C0782C19803B007D399C /* 0커플.swift in Sources */,
				3E35C0732C18A13E007D399C /* 계수기 만들기.swift in Sources */,
			);
			runOnlyForDeploymentPostprocessing = 0;
		};
/* End PBXSourcesBuildPhase section */

/* Begin XCBuildConfiguration section */
		3E35C06A2C1837C9007D399C /* Debug */ = {
			isa = XCBuildConfiguration;
			buildSettings = {
				ALWAYS_SEARCH_USER_PATHS = NO;
				ASSETCATALOG_COMPILER_GENERATE_SWIFT_ASSET_SYMBOL_EXTENSIONS = YES;
				CLANG_ANALYZER_NONNULL = YES;
				CLANG_ANALYZER_NUMBER_OBJECT_CONVERSION = YES_AGGRESSIVE;
				CLANG_CXX_LANGUAGE_STANDARD = "gnu++20";
				CLANG_ENABLE_MODULES = YES;
				CLANG_ENABLE_OBJC_ARC = YES;
				CLANG_ENABLE_OBJC_WEAK = YES;
				CLANG_WARN_BLOCK_CAPTURE_AUTORELEASING = YES;
				CLANG_WARN_BOOL_CONVERSION = YES;
				CLANG_WARN_COMMA = YES;
				CLANG_WARN_CONSTANT_CONVERSION = YES;
				CLANG_WARN_DEPRECATED_OBJC_IMPLEMENTATIONS = YES;
				CLANG_WARN_DIRECT_OBJC_ISA_USAGE = YES_ERROR;
				CLANG_WARN_DOCUMENTATION_COMMENTS = YES;
				CLANG_WARN_EMPTY_BODY = YES;
				CLANG_WARN_ENUM_CONVERSION = YES;
				CLANG_WARN_INFINITE_RECURSION = YES;
				CLANG_WARN_INT_CONVERSION = YES;
				CLANG_WARN_NON_LITERAL_NULL_CONVERSION = YES;
				CLANG_WARN_OBJC_IMPLICIT_RETAIN_SELF = YES;
				CLANG_WARN_OBJC_LITERAL_CONVERSION = YES;
				CLANG_WARN_OBJC_ROOT_CLASS = YES_ERROR;
				CLANG_WARN_QUOTED_INCLUDE_IN_FRAMEWORK_HEADER = YES;
				CLANG_WARN_RANGE_LOOP_ANALYSIS = YES;
				CLANG_WARN_STRICT_PROTOTYPES = YES;
				CLANG_WARN_SUSPICIOUS_MOVE = YES;
				CLANG_WARN_UNGUARDED_AVAILABILITY = YES_AGGRESSIVE;
				CLANG_WARN_UNREACHABLE_CODE = YES;
				CLANG_WARN__DUPLICATE_METHOD_MATCH = YES;
				COPY_PHASE_STRIP = NO;
				DEBUG_INFORMATION_FORMAT = dwarf;
				ENABLE_STRICT_OBJC_MSGSEND = YES;
				ENABLE_TESTABILITY = YES;
				ENABLE_USER_SCRIPT_SANDBOXING = YES;
				GCC_C_LANGUAGE_STANDARD = gnu17;
				GCC_DYNAMIC_NO_PIC = NO;
				GCC_NO_COMMON_BLOCKS = YES;
				GCC_OPTIMIZATION_LEVEL = 0;
				GCC_PREPROCESSOR_DEFINITIONS = (
					"DEBUG=1",
					"$(inherited)",
				);
				GCC_WARN_64_TO_32_BIT_CONVERSION = YES;
				GCC_WARN_ABOUT_RETURN_TYPE = YES_ERROR;
				GCC_WARN_UNDECLARED_SELECTOR = YES;
				GCC_WARN_UNINITIALIZED_AUTOS = YES_AGGRESSIVE;
				GCC_WARN_UNUSED_FUNCTION = YES;
				GCC_WARN_UNUSED_VARIABLE = YES;
				LOCALIZATION_PREFERS_STRING_CATALOGS = YES;
				MACOSX_DEPLOYMENT_TARGET = 14.4;
				MTL_ENABLE_DEBUG_INFO = INCLUDE_SOURCE;
				MTL_FAST_MATH = YES;
				ONLY_ACTIVE_ARCH = YES;
				SDKROOT = macosx;
				SWIFT_ACTIVE_COMPILATION_CONDITIONS = "DEBUG $(inherited)";
				SWIFT_OPTIMIZATION_LEVEL = "-Onone";
			};
			name = Debug;
		};
		3E35C06B2C1837C9007D399C /* Release */ = {
			isa = XCBuildConfiguration;
			buildSettings = {
				ALWAYS_SEARCH_USER_PATHS = NO;
				ASSETCATALOG_COMPILER_GENERATE_SWIFT_ASSET_SYMBOL_EXTENSIONS = YES;
				CLANG_ANALYZER_NONNULL = YES;
				CLANG_ANALYZER_NUMBER_OBJECT_CONVERSION = YES_AGGRESSIVE;
				CLANG_CXX_LANGUAGE_STANDARD = "gnu++20";
				CLANG_ENABLE_MODULES = YES;
				CLANG_ENABLE_OBJC_ARC = YES;
				CLANG_ENABLE_OBJC_WEAK = YES;
				CLANG_WARN_BLOCK_CAPTURE_AUTORELEASING = YES;
				CLANG_WARN_BOOL_CONVERSION = YES;
				CLANG_WARN_COMMA = YES;
				CLANG_WARN_CONSTANT_CONVERSION = YES;
				CLANG_WARN_DEPRECATED_OBJC_IMPLEMENTATIONS = YES;
				CLANG_WARN_DIRECT_OBJC_ISA_USAGE = YES_ERROR;
				CLANG_WARN_DOCUMENTATION_COMMENTS = YES;
				CLANG_WARN_EMPTY_BODY = YES;
				CLANG_WARN_ENUM_CONVERSION = YES;
				CLANG_WARN_INFINITE_RECURSION = YES;
				CLANG_WARN_INT_CONVERSION = YES;
				CLANG_WARN_NON_LITERAL_NULL_CONVERSION = YES;
				CLANG_WARN_OBJC_IMPLICIT_RETAIN_SELF = YES;
				CLANG_WARN_OBJC_LITERAL_CONVERSION = YES;
				CLANG_WARN_OBJC_ROOT_CLASS = YES_ERROR;
				CLANG_WARN_QUOTED_INCLUDE_IN_FRAMEWORK_HEADER = YES;
				CLANG_WARN_RANGE_LOOP_ANALYSIS = YES;
				CLANG_WARN_STRICT_PROTOTYPES = YES;
				CLANG_WARN_SUSPICIOUS_MOVE = YES;
				CLANG_WARN_UNGUARDED_AVAILABILITY = YES_AGGRESSIVE;
				CLANG_WARN_UNREACHABLE_CODE = YES;
				CLANG_WARN__DUPLICATE_METHOD_MATCH = YES;
				COPY_PHASE_STRIP = NO;
				DEBUG_INFORMATION_FORMAT = "dwarf-with-dsym";
				ENABLE_NS_ASSERTIONS = NO;
				ENABLE_STRICT_OBJC_MSGSEND = YES;
				ENABLE_USER_SCRIPT_SANDBOXING = YES;
				GCC_C_LANGUAGE_STANDARD = gnu17;
				GCC_NO_COMMON_BLOCKS = YES;
				GCC_WARN_64_TO_32_BIT_CONVERSION = YES;
				GCC_WARN_ABOUT_RETURN_TYPE = YES_ERROR;
				GCC_WARN_UNDECLARED_SELECTOR = YES;
				GCC_WARN_UNINITIALIZED_AUTOS = YES_AGGRESSIVE;
				GCC_WARN_UNUSED_FUNCTION = YES;
				GCC_WARN_UNUSED_VARIABLE = YES;
				LOCALIZATION_PREFERS_STRING_CATALOGS = YES;
				MACOSX_DEPLOYMENT_TARGET = 14.4;
				MTL_ENABLE_DEBUG_INFO = NO;
				MTL_FAST_MATH = YES;
				SDKROOT = macosx;
				SWIFT_COMPILATION_MODE = wholemodule;
			};
			name = Release;
		};
		3E35C06D2C1837C9007D399C /* Debug */ = {
			isa = XCBuildConfiguration;
			buildSettings = {
				CODE_SIGN_STYLE = Automatic;
				DEVELOPMENT_TEAM = S9G6YGQ76H;
				ENABLE_HARDENED_RUNTIME = YES;
				PRODUCT_NAME = "$(TARGET_NAME)";
				SWIFT_VERSION = 5.0;
			};
			name = Debug;
		};
		3E35C06E2C1837C9007D399C /* Release */ = {
			isa = XCBuildConfiguration;
			buildSettings = {
				CODE_SIGN_STYLE = Automatic;
				DEVELOPMENT_TEAM = S9G6YGQ76H;
				ENABLE_HARDENED_RUNTIME = YES;
				PRODUCT_NAME = "$(TARGET_NAME)";
				SWIFT_VERSION = 5.0;
			};
			name = Release;
		};
/* End XCBuildConfiguration section */

/* Begin XCConfigurationList section */
		3E35C0602C1837C9007D399C /* Build configuration list for PBXProject "Swift_goorm" */ = {
			isa = XCConfigurationList;
			buildConfigurations = (
				3E35C06A2C1837C9007D399C /* Debug */,
				3E35C06B2C1837C9007D399C /* Release */,
			);
			defaultConfigurationIsVisible = 0;
			defaultConfigurationName = Release;
		};
		3E35C06C2C1837C9007D399C /* Build configuration list for PBXNativeTarget "Swift_goorm" */ = {
			isa = XCConfigurationList;
			buildConfigurations = (
				3E35C06D2C1837C9007D399C /* Debug */,
				3E35C06E2C1837C9007D399C /* Release */,
			);
			defaultConfigurationIsVisible = 0;
			defaultConfigurationName = Release;
		};
/* End XCConfigurationList section */
	};
	rootObject = 3E35C05D2C1837C9007D399C /* Project object */;
}
