// !$*UTF8*$!
{
	archiveVersion = 1;
	classes = {
	};
	objectVersion = 56;
	objects = {

/* Begin PBXBuildFile section */
		3E35BF262C104020007D399C /* 17070-파이프 옮기기 1.swift in Sources */ = {isa = PBXBuildFile; fileRef = 3E35BF252C104020007D399C /* 17070-파이프 옮기기 1.swift */; };
		3E9CA7F72BD7B42C00D7FD70 /* main.swift in Sources */ = {isa = PBXBuildFile; fileRef = 3E9CA7F62BD7B42C00D7FD70 /* main.swift */; };
/* End PBXBuildFile section */

/* Begin PBXCopyFilesBuildPhase section */
		3E5368B429B1CB25000CBD48 /* CopyFiles */ = {
			isa = PBXCopyFilesBuildPhase;
			buildActionMask = 2147483647;
			dstPath = /usr/share/man/man1/;
			dstSubfolderSpec = 0;
			files = (
			);
			runOnlyForDeploymentPostprocessing = 1;
		};
/* End PBXCopyFilesBuildPhase section */

/* Begin PBXFileReference section */
		3E2688312B47B4F20038889D /* 30877-x marks the spot.swift */ = {isa = PBXFileReference; lastKnownFileType = sourcecode.swift; path = "30877-x marks the spot.swift"; sourceTree = "<group>"; };
		3E2A0B7C2BE5D48B004F8D6B /* 1002-터렛.swift */ = {isa = PBXFileReference; lastKnownFileType = sourcecode.swift; path = "1002-터렛.swift"; sourceTree = "<group>"; };
		3E2A0B882BE86B76004F8D6B /* 1074-Z.swift */ = {isa = PBXFileReference; lastKnownFileType = sourcecode.swift; path = "1074-Z.swift"; sourceTree = "<group>"; };
		3E2EEDCE2C0EA7870044AD67 /* 12865-평범한 배낭.swift */ = {isa = PBXFileReference; lastKnownFileType = sourcecode.swift; path = "12865-평범한 배낭.swift"; sourceTree = "<group>"; };
		3E35BF252C104020007D399C /* 17070-파이프 옮기기 1.swift */ = {isa = PBXFileReference; lastKnownFileType = sourcecode.swift; path = "17070-파이프 옮기기 1.swift"; sourceTree = "<group>"; };
		3E5368B629B1CB25000CBD48 /* Swift_BOJ */ = {isa = PBXFileReference; explicitFileType = "compiled.mach-o.executable"; includeInIndex = 0; path = Swift_BOJ; sourceTree = BUILT_PRODUCTS_DIR; };
		3E5368B929B1CB25000CBD48 /* 1000-A+B.swift */ = {isa = PBXFileReference; lastKnownFileType = sourcecode.swift; path = "1000-A+B.swift"; sourceTree = "<group>"; };
		3E5368C129B1CBC4000CBD48 /* 어항정리.swift */ = {isa = PBXFileReference; lastKnownFileType = sourcecode.swift; path = "어항정리.swift"; sourceTree = "<group>"; };
		3E5368D029BB1226000CBD48 /* 10869-사칙연산.swift */ = {isa = PBXFileReference; lastKnownFileType = sourcecode.swift; path = "10869-사칙연산.swift"; sourceTree = SOURCE_ROOT; };
		3E5368D229BDB910000CBD48 /* 2884-알람 시계.swift */ = {isa = PBXFileReference; lastKnownFileType = sourcecode.swift; path = "2884-알람 시계.swift"; sourceTree = "<group>"; };
		3E9CA7F62BD7B42C00D7FD70 /* main.swift */ = {isa = PBXFileReference; lastKnownFileType = sourcecode.swift; path = main.swift; sourceTree = "<group>"; };
		3EA326522BEC601A0033927D /* 7576-토마토.swift */ = {isa = PBXFileReference; lastKnownFileType = sourcecode.swift; path = "7576-토마토.swift"; sourceTree = "<group>"; };
		3EA326572BEDB1810033927D /* 1027-고층 건물.swift */ = {isa = PBXFileReference; lastKnownFileType = sourcecode.swift; path = "1027-고층 건물.swift"; sourceTree = "<group>"; };
		3EA326592BF3333D0033927D /* 9663-N-Queen.swift */ = {isa = PBXFileReference; lastKnownFileType = sourcecode.swift; path = "9663-N-Queen.swift"; sourceTree = "<group>"; };
		3EA69C522B6B6537008AE23B /* 30885-phi squared.swift */ = {isa = PBXFileReference; lastKnownFileType = sourcecode.swift; path = "30885-phi squared.swift"; sourceTree = "<group>"; };
		3EA69C542B6B93EB008AE23B /* 30876-Tren Del Fin Del Mundo.swift */ = {isa = PBXFileReference; lastKnownFileType = sourcecode.swift; path = "30876-Tren Del Fin Del Mundo.swift"; sourceTree = "<group>"; };
		3EA69C562B6B9C26008AE23B /* 1697-숨바꼭질.swift */ = {isa = PBXFileReference; lastKnownFileType = sourcecode.swift; path = "1697-숨바꼭질.swift"; sourceTree = "<group>"; };
		3EB3B18B29BF1BD4004FFECE /* 10818-최대 최소.swift */ = {isa = PBXFileReference; lastKnownFileType = sourcecode.swift; path = "10818-최대 최소.swift"; sourceTree = "<group>"; };
		3EE425252ACBC1E600DE5FA5 /* 2501-약수 구하기.swift */ = {isa = PBXFileReference; lastKnownFileType = sourcecode.swift; path = "2501-약수 구하기.swift"; sourceTree = "<group>"; };
		3EE425272ACBEEE900DE5FA5 /* 1978-소수 찾기.swift */ = {isa = PBXFileReference; lastKnownFileType = sourcecode.swift; path = "1978-소수 찾기.swift"; sourceTree = "<group>"; };
		3EE4252A2ACBF16500DE5FA5 /* 14888-연산자 끼워넣기.swift */ = {isa = PBXFileReference; lastKnownFileType = sourcecode.swift; path = "14888-연산자 끼워넣기.swift"; sourceTree = "<group>"; };
		3EE425562ACD24E600DE5FA5 /* 2504-괄호의 값.swift */ = {isa = PBXFileReference; lastKnownFileType = sourcecode.swift; path = "2504-괄호의 값.swift"; sourceTree = "<group>"; };
		3EE4255A2ACD976B00DE5FA5 /* 14719-빗물.swift */ = {isa = PBXFileReference; lastKnownFileType = sourcecode.swift; path = "14719-빗물.swift"; sourceTree = "<group>"; };
		3EFB495F2ACE8E4C006E3846 /* 1062-가르침.swift */ = {isa = PBXFileReference; lastKnownFileType = sourcecode.swift; path = "1062-가르침.swift"; sourceTree = "<group>"; };
/* End PBXFileReference section */

/* Begin PBXFrameworksBuildPhase section */
		3E5368B329B1CB25000CBD48 /* Frameworks */ = {
			isa = PBXFrameworksBuildPhase;
			buildActionMask = 2147483647;
			files = (
			);
			runOnlyForDeploymentPostprocessing = 0;
		};
/* End PBXFrameworksBuildPhase section */

/* Begin PBXGroup section */
		3E2688302B47B4B60038889D /* Silver */ = {
			isa = PBXGroup;
			children = (
				3E2A0B7E2BE5D4BD004F8D6B /* 1 */,
				3E2A0B7B2BE5D473004F8D6B /* 3 */,
			);
			path = Silver;
			sourceTree = "<group>";
		};
		3E2A0B7B2BE5D473004F8D6B /* 3 */ = {
			isa = PBXGroup;
			children = (
				3E2A0B7C2BE5D48B004F8D6B /* 1002-터렛.swift */,
			);
			path = 3;
			sourceTree = "<group>";
		};
		3E2A0B7E2BE5D4BD004F8D6B /* 1 */ = {
			isa = PBXGroup;
			children = (
				3EA69C562B6B9C26008AE23B /* 1697-숨바꼭질.swift */,
				3E2A0B882BE86B76004F8D6B /* 1074-Z.swift */,
			);
			path = 1;
			sourceTree = "<group>";
		};
		3E5368AD29B1CB25000CBD48 = {
			isa = PBXGroup;
			children = (
				3E5368B829B1CB25000CBD48 /* Swift_BOJ */,
				3E5368B729B1CB25000CBD48 /* Products */,
			);
			sourceTree = "<group>";
		};
		3E5368B729B1CB25000CBD48 /* Products */ = {
			isa = PBXGroup;
			children = (
				3E5368B629B1CB25000CBD48 /* Swift_BOJ */,
			);
			name = Products;
			sourceTree = "<group>";
		};
		3E5368B829B1CB25000CBD48 /* Swift_BOJ */ = {
			isa = PBXGroup;
			children = (
				3EA326552BEC603C0033927D /* Etc. */,
				3EA326542BEC602D0033927D /* Level */,
				3E9CA7F62BD7B42C00D7FD70 /* main.swift */,
			);
			path = Swift_BOJ;
			sourceTree = "<group>";
		};
		3E5368C029B1CB32000CBD48 /* 수학 */ = {
			isa = PBXGroup;
			children = (
				3E5368D029BB1226000CBD48 /* 10869-사칙연산.swift */,
				3E5368B929B1CB25000CBD48 /* 1000-A+B.swift */,
				3E5368D229BDB910000CBD48 /* 2884-알람 시계.swift */,
				3EB3B18B29BF1BD4004FFECE /* 10818-최대 최소.swift */,
			);
			name = "수학";
			path = "수학";
			sourceTree = "<group>";
		};
		3EA326502BEC600E0033927D /* Gold */ = {
			isa = PBXGroup;
			children = (
				3EA326562BEDB1700033927D /* 4 */,
				3EA326512BEC60110033927D /* 5 */,
			);
			path = Gold;
			sourceTree = "<group>";
		};
		3EA326512BEC60110033927D /* 5 */ = {
			isa = PBXGroup;
			children = (
				3EA326522BEC601A0033927D /* 7576-토마토.swift */,
				3E2EEDCE2C0EA7870044AD67 /* 12865-평범한 배낭.swift */,
				3E35BF252C104020007D399C /* 17070-파이프 옮기기 1.swift */,
			);
			path = 5;
			sourceTree = "<group>";
		};
		3EA326542BEC602D0033927D /* Level */ = {
			isa = PBXGroup;
			children = (
				3EA326502BEC600E0033927D /* Gold */,
				3E2688302B47B4B60038889D /* Silver */,
			);
			path = Level;
			sourceTree = "<group>";
		};
		3EA326552BEC603C0033927D /* Etc. */ = {
			isa = PBXGroup;
			children = (
				3EA69C512B6B6506008AE23B /* AUTOEVER */,
				3EE425292ACBF15100DE5FA5 /* 2 - 준비운동 */,
				3EE425242ACBC1CB00DE5FA5 /* 1 - 튼튼한 기본기 */,
				3EE1A9172AA1834700021F9D /* 삼성SW역량기출 */,
				3E5368C029B1CB32000CBD48 /* 수학 */,
			);
			path = Etc.;
			sourceTree = "<group>";
		};
		3EA326562BEDB1700033927D /* 4 */ = {
			isa = PBXGroup;
			children = (
				3EA326572BEDB1810033927D /* 1027-고층 건물.swift */,
				3EA326592BF3333D0033927D /* 9663-N-Queen.swift */,
			);
			path = 4;
			sourceTree = "<group>";
		};
		3EA69C512B6B6506008AE23B /* AUTOEVER */ = {
			isa = PBXGroup;
			children = (
				3E2688312B47B4F20038889D /* 30877-x marks the spot.swift */,
				3EA69C522B6B6537008AE23B /* 30885-phi squared.swift */,
				3EA69C542B6B93EB008AE23B /* 30876-Tren Del Fin Del Mundo.swift */,
			);
			path = AUTOEVER;
			sourceTree = "<group>";
		};
		3EE1A9172AA1834700021F9D /* 삼성SW역량기출 */ = {
			isa = PBXGroup;
			children = (
				3E5368C129B1CBC4000CBD48 /* 어항정리.swift */,
			);
			name = "삼성SW역량기출";
			path = "삼성SW역량기추";
			sourceTree = "<group>";
		};
		3EE425242ACBC1CB00DE5FA5 /* 1 - 튼튼한 기본기 */ = {
			isa = PBXGroup;
			children = (
				3EE425252ACBC1E600DE5FA5 /* 2501-약수 구하기.swift */,
				3EE425272ACBEEE900DE5FA5 /* 1978-소수 찾기.swift */,
			);
			name = "1 - 튼튼한 기본기";
			path = "튼튼한 기본기";
			sourceTree = "<group>";
		};
		3EE425292ACBF15100DE5FA5 /* 2 - 준비운동 */ = {
			isa = PBXGroup;
			children = (
				3EE4252A2ACBF16500DE5FA5 /* 14888-연산자 끼워넣기.swift */,
				3EE425562ACD24E600DE5FA5 /* 2504-괄호의 값.swift */,
				3EE4255A2ACD976B00DE5FA5 /* 14719-빗물.swift */,
				3EFB495F2ACE8E4C006E3846 /* 1062-가르침.swift */,
			);
			name = "2 - 준비운동";
			path = "2 - 준비운동";
			sourceTree = "<group>";
		};
/* End PBXGroup section */

/* Begin PBXNativeTarget section */
		3E5368B529B1CB25000CBD48 /* Swift_BOJ */ = {
			isa = PBXNativeTarget;
			buildConfigurationList = 3E5368BD29B1CB25000CBD48 /* Build configuration list for PBXNativeTarget "Swift_BOJ" */;
			buildPhases = (
				3E5368B229B1CB25000CBD48 /* Sources */,
				3E5368B329B1CB25000CBD48 /* Frameworks */,
				3E5368B429B1CB25000CBD48 /* CopyFiles */,
			);
			buildRules = (
			);
			dependencies = (
			);
			name = Swift_BOJ;
			productName = Swift_BOJ;
			productReference = 3E5368B629B1CB25000CBD48 /* Swift_BOJ */;
			productType = "com.apple.product-type.tool";
		};
/* End PBXNativeTarget section */

/* Begin PBXProject section */
		3E5368AE29B1CB25000CBD48 /* Project object */ = {
			isa = PBXProject;
			attributes = {
				BuildIndependentTargetsInParallel = 1;
				LastSwiftUpdateCheck = 1420;
				LastUpgradeCheck = 1500;
				TargetAttributes = {
					3E5368B529B1CB25000CBD48 = {
						CreatedOnToolsVersion = 14.2;
						LastSwiftMigration = 1530;
					};
				};
			};
			buildConfigurationList = 3E5368B129B1CB25000CBD48 /* Build configuration list for PBXProject "Swift_BOJ" */;
			compatibilityVersion = "Xcode 14.0";
			developmentRegion = en;
			hasScannedForEncodings = 0;
			knownRegions = (
				en,
				Base,
			);
			mainGroup = 3E5368AD29B1CB25000CBD48;
			productRefGroup = 3E5368B729B1CB25000CBD48 /* Products */;
			projectDirPath = "";
			projectRoot = "";
			targets = (
				3E5368B529B1CB25000CBD48 /* Swift_BOJ */,
			);
		};
/* End PBXProject section */

/* Begin PBXSourcesBuildPhase section */
		3E5368B229B1CB25000CBD48 /* Sources */ = {
			isa = PBXSourcesBuildPhase;
			buildActionMask = 2147483647;
			files = (
				3E9CA7F72BD7B42C00D7FD70 /* main.swift in Sources */,
				3E35BF262C104020007D399C /* 17070-파이프 옮기기 1.swift in Sources */,
			);
			runOnlyForDeploymentPostprocessing = 0;
		};
/* End PBXSourcesBuildPhase section */

/* Begin XCBuildConfiguration section */
		3E5368BB29B1CB25000CBD48 /* Debug */ = {
			isa = XCBuildConfiguration;
			buildSettings = {
				ALWAYS_SEARCH_USER_PATHS = NO;
				CLANG_ANALYZER_NONNULL = YES;
				CLANG_ANALYZER_NUMBER_OBJECT_CONVERSION = YES_AGGRESSIVE;
				CLANG_CXX_LANGUAGE_STANDARD = "gnu++20";
				CLANG_ENABLE_MODULES = YES;
				CLANG_ENABLE_OBJC_ARC = YES;
				CLANG_ENABLE_OBJC_WEAK = YES;
				CLANG_WARN_BLOCK_CAPTURE_AUTORELEASING = YES;
				CLANG_WARN_BOOL_CONVERSION = YES;
				CLANG_WARN_COMMA = YES;
				CLANG_WARN_CONSTANT_CONVERSION = YES;
				CLANG_WARN_DEPRECATED_OBJC_IMPLEMENTATIONS = YES;
				CLANG_WARN_DIRECT_OBJC_ISA_USAGE = YES_ERROR;
				CLANG_WARN_DOCUMENTATION_COMMENTS = YES;
				CLANG_WARN_EMPTY_BODY = YES;
				CLANG_WARN_ENUM_CONVERSION = YES;
				CLANG_WARN_INFINITE_RECURSION = YES;
				CLANG_WARN_INT_CONVERSION = YES;
				CLANG_WARN_NON_LITERAL_NULL_CONVERSION = YES;
				CLANG_WARN_OBJC_IMPLICIT_RETAIN_SELF = YES;
				CLANG_WARN_OBJC_LITERAL_CONVERSION = YES;
				CLANG_WARN_OBJC_ROOT_CLASS = YES_ERROR;
				CLANG_WARN_QUOTED_INCLUDE_IN_FRAMEWORK_HEADER = YES;
				CLANG_WARN_RANGE_LOOP_ANALYSIS = YES;
				CLANG_WARN_STRICT_PROTOTYPES = YES;
				CLANG_WARN_SUSPICIOUS_MOVE = YES;
				CLANG_WARN_UNGUARDED_AVAILABILITY = YES_AGGRESSIVE;
				CLANG_WARN_UNREACHABLE_CODE = YES;
				CLANG_WARN__DUPLICATE_METHOD_MATCH = YES;
				COPY_PHASE_STRIP = NO;
				DEAD_CODE_STRIPPING = YES;
				DEBUG_INFORMATION_FORMAT = dwarf;
				ENABLE_STRICT_OBJC_MSGSEND = YES;
				ENABLE_TESTABILITY = YES;
				ENABLE_USER_SCRIPT_SANDBOXING = YES;
				GCC_C_LANGUAGE_STANDARD = gnu11;
				GCC_DYNAMIC_NO_PIC = NO;
				GCC_NO_COMMON_BLOCKS = YES;
				GCC_OPTIMIZATION_LEVEL = 0;
				GCC_PREPROCESSOR_DEFINITIONS = (
					"DEBUG=1",
					"$(inherited)",
				);
				GCC_WARN_64_TO_32_BIT_CONVERSION = YES;
				GCC_WARN_ABOUT_RETURN_TYPE = YES_ERROR;
				GCC_WARN_UNDECLARED_SELECTOR = YES;
				GCC_WARN_UNINITIALIZED_AUTOS = YES_AGGRESSIVE;
				GCC_WARN_UNUSED_FUNCTION = YES;
				GCC_WARN_UNUSED_VARIABLE = YES;
				MACOSX_DEPLOYMENT_TARGET = 13.1;
				MTL_ENABLE_DEBUG_INFO = INCLUDE_SOURCE;
				MTL_FAST_MATH = YES;
				ONLY_ACTIVE_ARCH = YES;
				SDKROOT = macosx;
				SWIFT_ACTIVE_COMPILATION_CONDITIONS = DEBUG;
				SWIFT_INSTALL_OBJC_HEADER = YES;
				SWIFT_OPTIMIZATION_LEVEL = "-Onone";
			};
			name = Debug;
		};
		3E5368BC29B1CB25000CBD48 /* Release */ = {
			isa = XCBuildConfiguration;
			buildSettings = {
				ALWAYS_SEARCH_USER_PATHS = NO;
				CLANG_ANALYZER_NONNULL = YES;
				CLANG_ANALYZER_NUMBER_OBJECT_CONVERSION = YES_AGGRESSIVE;
				CLANG_CXX_LANGUAGE_STANDARD = "gnu++20";
				CLANG_ENABLE_MODULES = YES;
				CLANG_ENABLE_OBJC_ARC = YES;
				CLANG_ENABLE_OBJC_WEAK = YES;
				CLANG_WARN_BLOCK_CAPTURE_AUTORELEASING = YES;
				CLANG_WARN_BOOL_CONVERSION = YES;
				CLANG_WARN_COMMA = YES;
				CLANG_WARN_CONSTANT_CONVERSION = YES;
				CLANG_WARN_DEPRECATED_OBJC_IMPLEMENTATIONS = YES;
				CLANG_WARN_DIRECT_OBJC_ISA_USAGE = YES_ERROR;
				CLANG_WARN_DOCUMENTATION_COMMENTS = YES;
				CLANG_WARN_EMPTY_BODY = YES;
				CLANG_WARN_ENUM_CONVERSION = YES;
				CLANG_WARN_INFINITE_RECURSION = YES;
				CLANG_WARN_INT_CONVERSION = YES;
				CLANG_WARN_NON_LITERAL_NULL_CONVERSION = YES;
				CLANG_WARN_OBJC_IMPLICIT_RETAIN_SELF = YES;
				CLANG_WARN_OBJC_LITERAL_CONVERSION = YES;
				CLANG_WARN_OBJC_ROOT_CLASS = YES_ERROR;
				CLANG_WARN_QUOTED_INCLUDE_IN_FRAMEWORK_HEADER = YES;
				CLANG_WARN_RANGE_LOOP_ANALYSIS = YES;
				CLANG_WARN_STRICT_PROTOTYPES = YES;
				CLANG_WARN_SUSPICIOUS_MOVE = YES;
				CLANG_WARN_UNGUARDED_AVAILABILITY = YES_AGGRESSIVE;
				CLANG_WARN_UNREACHABLE_CODE = YES;
				CLANG_WARN__DUPLICATE_METHOD_MATCH = YES;
				COPY_PHASE_STRIP = NO;
				DEAD_CODE_STRIPPING = YES;
				DEBUG_INFORMATION_FORMAT = "dwarf-with-dsym";
				ENABLE_NS_ASSERTIONS = NO;
				ENABLE_STRICT_OBJC_MSGSEND = YES;
				ENABLE_USER_SCRIPT_SANDBOXING = YES;
				GCC_C_LANGUAGE_STANDARD = gnu11;
				GCC_NO_COMMON_BLOCKS = YES;
				GCC_WARN_64_TO_32_BIT_CONVERSION = YES;
				GCC_WARN_ABOUT_RETURN_TYPE = YES_ERROR;
				GCC_WARN_UNDECLARED_SELECTOR = YES;
				GCC_WARN_UNINITIALIZED_AUTOS = YES_AGGRESSIVE;
				GCC_WARN_UNUSED_FUNCTION = YES;
				GCC_WARN_UNUSED_VARIABLE = YES;
				MACOSX_DEPLOYMENT_TARGET = 13.1;
				MTL_ENABLE_DEBUG_INFO = NO;
				MTL_FAST_MATH = YES;
				SDKROOT = macosx;
				SWIFT_COMPILATION_MODE = wholemodule;
				SWIFT_INSTALL_OBJC_HEADER = YES;
				SWIFT_OPTIMIZATION_LEVEL = "-O";
			};
			name = Release;
		};
		3E5368BE29B1CB25000CBD48 /* Debug */ = {
			isa = XCBuildConfiguration;
			buildSettings = {
				CLANG_ENABLE_MODULES = YES;
				CODE_SIGN_STYLE = Automatic;
				DEAD_CODE_STRIPPING = YES;
				DEVELOPMENT_TEAM = S9G6YGQ76H;
				ENABLE_HARDENED_RUNTIME = YES;
				PRODUCT_NAME = "$(TARGET_NAME)";
				SWIFT_OPTIMIZATION_LEVEL = "-Onone";
				SWIFT_VERSION = 5.0;
			};
			name = Debug;
		};
		3E5368BF29B1CB25000CBD48 /* Release */ = {
			isa = XCBuildConfiguration;
			buildSettings = {
				CLANG_ENABLE_MODULES = YES;
				CODE_SIGN_STYLE = Automatic;
				DEAD_CODE_STRIPPING = YES;
				DEVELOPMENT_TEAM = S9G6YGQ76H;
				ENABLE_HARDENED_RUNTIME = YES;
				PRODUCT_NAME = "$(TARGET_NAME)";
				SWIFT_VERSION = 5.0;
			};
			name = Release;
		};
/* End XCBuildConfiguration section */

/* Begin XCConfigurationList section */
		3E5368B129B1CB25000CBD48 /* Build configuration list for PBXProject "Swift_BOJ" */ = {
			isa = XCConfigurationList;
			buildConfigurations = (
				3E5368BB29B1CB25000CBD48 /* Debug */,
				3E5368BC29B1CB25000CBD48 /* Release */,
			);
			defaultConfigurationIsVisible = 0;
			defaultConfigurationName = Release;
		};
		3E5368BD29B1CB25000CBD48 /* Build configuration list for PBXNativeTarget "Swift_BOJ" */ = {
			isa = XCConfigurationList;
			buildConfigurations = (
				3E5368BE29B1CB25000CBD48 /* Debug */,
				3E5368BF29B1CB25000CBD48 /* Release */,
			);
			defaultConfigurationIsVisible = 0;
			defaultConfigurationName = Release;
		};
/* End XCConfigurationList section */
	};
	rootObject = 3E5368AE29B1CB25000CBD48 /* Project object */;
}
