// !$*UTF8*$!
{
	archiveVersion = 1;
	classes = {
	};
	objectVersion = 56;
	objects = {

/* Begin PBXBuildFile section */
		3EA69C072B5DF7D5008AE23B /* main.swift in Sources */ = {isa = PBXBuildFile; fileRef = 3EA69C062B5DF7D5008AE23B /* main.swift */; };
/* End PBXBuildFile section */

/* Begin PBXCopyFilesBuildPhase section */
		3E953A8629C19F810073302F /* CopyFiles */ = {
			isa = PBXCopyFilesBuildPhase;
			buildActionMask = 2147483647;
			dstPath = /usr/share/man/man1/;
			dstSubfolderSpec = 0;
			files = (
			);
			runOnlyForDeploymentPostprocessing = 1;
		};
/* End PBXCopyFilesBuildPhase section */

/* Begin PBXFileReference section */
		3E0756842B197DF700E22A68 /* 가장 먼 노드.swift */ = {isa = PBXFileReference; lastKnownFileType = sourcecode.swift; path = "가장 먼 노드.swift"; sourceTree = "<group>"; };
		3E07568F2B1C1F8C00E22A68 /* 네트워크.swift */ = {isa = PBXFileReference; lastKnownFileType = sourcecode.swift; path = "네트워크.swift"; sourceTree = "<group>"; };
		3E0756932B1D70BC00E22A68 /* 불량 사용자.swift */ = {isa = PBXFileReference; lastKnownFileType = sourcecode.swift; path = "불량 사용자.swift"; sourceTree = "<group>"; };
		3E0C2D1A2B05E37C00895281 /* [진행중] 양과 늑대.swift */ = {isa = PBXFileReference; lastKnownFileType = sourcecode.swift; path = "[진행중] 양과 늑대.swift"; sourceTree = "<group>"; };
		3E0CE5712B1336F200CB0CC0 /* 배달.swift */ = {isa = PBXFileReference; lastKnownFileType = sourcecode.swift; path = "배달.swift"; sourceTree = "<group>"; };
		3E1236562B346F72003F983B /* [3차] 자동완성.swift */ = {isa = PBXFileReference; lastKnownFileType = sourcecode.swift; path = "[3차] 자동완성.swift"; sourceTree = "<group>"; };
		3E1A61AE2B0A2A2B0017DD28 /* 수포자.swift */ = {isa = PBXFileReference; lastKnownFileType = sourcecode.swift; path = "수포자.swift"; sourceTree = "<group>"; };
		3E1A61B02B0A2A7A0017DD28 /* 달리기 경주.swift */ = {isa = PBXFileReference; lastKnownFileType = sourcecode.swift; path = "달리기 경주.swift"; sourceTree = "<group>"; };
		3E1A61B22B0A34930017DD28 /* 두 큐 합 같게 만들기.swift */ = {isa = PBXFileReference; lastKnownFileType = sourcecode.swift; path = "두 큐 합 같게 만들기.swift"; sourceTree = "<group>"; };
		3E26882C2B4638310038889D /* [△] N으로 표현.swift */ = {isa = PBXFileReference; lastKnownFileType = sourcecode.swift; path = "[△] N으로 표현.swift"; sourceTree = "<group>"; };
		3E26882E2B47A3860038889D /* 보석 쇼핑.swift */ = {isa = PBXFileReference; lastKnownFileType = sourcecode.swift; path = "보석 쇼핑.swift"; sourceTree = "<group>"; };
		3E2688332B4A410E0038889D /* 베스트앨범.swift */ = {isa = PBXFileReference; lastKnownFileType = sourcecode.swift; path = "베스트앨범.swift"; sourceTree = "<group>"; };
		3E2688352B4B779D0038889D /* 1,2,3 떨어트리기.swift */ = {isa = PBXFileReference; lastKnownFileType = sourcecode.swift; path = "1,2,3 떨어트리기.swift"; sourceTree = "<group>"; };
		3E2688372B4B86550038889D /* 최솟값 만들기.swift */ = {isa = PBXFileReference; lastKnownFileType = sourcecode.swift; path = "최솟값 만들기.swift"; sourceTree = "<group>"; };
		3E2688392B4CBCB40038889D /* 스킬트리.swift */ = {isa = PBXFileReference; lastKnownFileType = sourcecode.swift; path = "스킬트리.swift"; sourceTree = "<group>"; };
		3E26883B2B4CD2560038889D /* 영어 끝말잇기.swift */ = {isa = PBXFileReference; lastKnownFileType = sourcecode.swift; path = "영어 끝말잇기.swift"; sourceTree = "<group>"; };
		3E26883D2B4E12980038889D /* n개의 최소공배수.swift */ = {isa = PBXFileReference; lastKnownFileType = sourcecode.swift; path = "n개의 최소공배수.swift"; sourceTree = "<group>"; };
		3E26883F2B4E16D10038889D /* 우박수열 정적분.swift */ = {isa = PBXFileReference; lastKnownFileType = sourcecode.swift; path = "우박수열 정적분.swift"; sourceTree = "<group>"; };
		3E2688412B4E29780038889D /* 섬 연결하기.swift */ = {isa = PBXFileReference; lastKnownFileType = sourcecode.swift; path = "섬 연결하기.swift"; sourceTree = "<group>"; };
		3E2688432B4FB7AA0038889D /* [△]기둥과 보 설치.swift */ = {isa = PBXFileReference; lastKnownFileType = sourcecode.swift; path = "[△]기둥과 보 설치.swift"; sourceTree = "<group>"; };
		3E3F45882AF20F8300B9D6AA /* 전력망을 둘로 나누기.swift */ = {isa = PBXFileReference; lastKnownFileType = sourcecode.swift; path = "전력망을 둘로 나누기.swift"; sourceTree = "<group>"; };
		3E3F458A2AF21C7F00B9D6AA /* 이중우선순위큐.swift */ = {isa = PBXFileReference; lastKnownFileType = sourcecode.swift; path = "이중우선순위큐.swift"; sourceTree = "<group>"; };
		3E4EA4692B0DDDC800AA6B81 /* 카펫.swift */ = {isa = PBXFileReference; lastKnownFileType = sourcecode.swift; path = "카펫.swift"; sourceTree = "<group>"; };
		3E4EA46D2B0F895200AA6B81 /* 등산코스 정하기.swift */ = {isa = PBXFileReference; lastKnownFileType = sourcecode.swift; path = "등산코스 정하기.swift"; sourceTree = "<group>"; };
		3E4EA4BA2B11991900AA6B81 /* 1번.swift */ = {isa = PBXFileReference; lastKnownFileType = sourcecode.swift; path = "1번.swift"; sourceTree = "<group>"; };
		3E61EE802AA59B76004F25DB /* 단어변환.swift */ = {isa = PBXFileReference; lastKnownFileType = sourcecode.swift; path = "단어변환.swift"; sourceTree = "<group>"; };
		3E61EE822AA5B7D8004F25DB /* [△] 합승 택시 요금.swift */ = {isa = PBXFileReference; lastKnownFileType = sourcecode.swift; path = "[△] 합승 택시 요금.swift"; sourceTree = "<group>"; };
		3E6D7B8529D90C6C0000D73C /* [X]둘 만의 암호.swift */ = {isa = PBXFileReference; lastKnownFileType = sourcecode.swift; path = "[X]둘 만의 암호.swift"; sourceTree = "<group>"; };
		3E6D7B8929DA71120000D73C /* 개인정보 수집 유효기간.swift */ = {isa = PBXFileReference; lastKnownFileType = sourcecode.swift; path = "개인정보 수집 유효기간.swift"; sourceTree = "<group>"; };
		3E6D7BAB29DC51E80000D73C /* 신고 결과 받기.swift */ = {isa = PBXFileReference; lastKnownFileType = sourcecode.swift; path = "신고 결과 받기.swift"; sourceTree = "<group>"; };
		3E6D7BB329DD4A1A0000D73C /* 실패율.swift */ = {isa = PBXFileReference; lastKnownFileType = sourcecode.swift; path = "실패율.swift"; sourceTree = "<group>"; };
		3E6D7BB529DEC52F0000D73C /* 소수 만들기.swift */ = {isa = PBXFileReference; lastKnownFileType = sourcecode.swift; path = "소수 만들기.swift"; sourceTree = "<group>"; };
		3E83B11B29FA10E40015A7E0 /* 타겟 넘버.swift */ = {isa = PBXFileReference; lastKnownFileType = sourcecode.swift; path = "타겟 넘버.swift"; sourceTree = "<group>"; };
		3E83B11D29FA20200015A7E0 /* [3차] 압축.swift */ = {isa = PBXFileReference; lastKnownFileType = sourcecode.swift; path = "[3차] 압축.swift"; sourceTree = "<group>"; };
		3E923C522AF513FE00694077 /* 주차 요금 계산.swift */ = {isa = PBXFileReference; lastKnownFileType = sourcecode.swift; path = "주차 요금 계산.swift"; sourceTree = "<group>"; };
		3E923C562AF64F3700694077 /* 프로세스.swift */ = {isa = PBXFileReference; lastKnownFileType = sourcecode.swift; path = "프로세스.swift"; sourceTree = "<group>"; };
		3E92C4992AFCAFCE00510BB8 /* 삼각 달팽이.swift */ = {isa = PBXFileReference; lastKnownFileType = sourcecode.swift; path = "삼각 달팽이.swift"; sourceTree = "<group>"; };
		3E92C49B2AFCD77100510BB8 /* [3차] 파일명 정렬.swift */ = {isa = PBXFileReference; lastKnownFileType = sourcecode.swift; path = "[3차] 파일명 정렬.swift"; sourceTree = "<group>"; };
		3E92C49D2AFDF9EE00510BB8 /* 리코쳇 로봇.swift */ = {isa = PBXFileReference; lastKnownFileType = sourcecode.swift; path = "리코쳇 로봇.swift"; sourceTree = "<group>"; };
		3E953A8829C19F810073302F /* Swift_programmers */ = {isa = PBXFileReference; explicitFileType = "compiled.mach-o.executable"; includeInIndex = 0; path = Swift_programmers; sourceTree = BUILT_PRODUCTS_DIR; };
		3E953A8B29C19F810073302F /* 다항식 더하기.swift */ = {isa = PBXFileReference; lastKnownFileType = sourcecode.swift; path = "다항식 더하기.swift"; sourceTree = "<group>"; };
		3E953A9229C1AF8F0073302F /* 최빈값 구하기.swift */ = {isa = PBXFileReference; lastKnownFileType = sourcecode.swift; path = "최빈값 구하기.swift"; sourceTree = "<group>"; };
		3E953A9929C44D630073302F /* 다음에 올 숫자.swift */ = {isa = PBXFileReference; lastKnownFileType = sourcecode.swift; path = "다음에 올 숫자.swift"; sourceTree = "<group>"; };
		3E953A9B29C5934E0073302F /* 안전지대.swift */ = {isa = PBXFileReference; lastKnownFileType = sourcecode.swift; path = "안전지대.swift"; sourceTree = "<group>"; };
		3E953A9D29C82E630073302F /* 평행.swift */ = {isa = PBXFileReference; lastKnownFileType = sourcecode.swift; path = "평행.swift"; sourceTree = "<group>"; };
		3E953A9F29C97F160073302F /* 옹알이(1).swift */ = {isa = PBXFileReference; lastKnownFileType = sourcecode.swift; path = "옹알이(1).swift"; sourceTree = "<group>"; };
		3E953AA129CAC0040073302F /* 명예의 전당(1).swift */ = {isa = PBXFileReference; lastKnownFileType = sourcecode.swift; path = "명예의 전당(1).swift"; sourceTree = "<group>"; };
		3E953AA329CC0B590073302F /* [1차]다트게임.swift */ = {isa = PBXFileReference; lastKnownFileType = sourcecode.swift; path = "[1차]다트게임.swift"; sourceTree = "<group>"; };
		3E953AA629CD6CE20073302F /* 로또의 최고 순위와 최저 순위.swift */ = {isa = PBXFileReference; lastKnownFileType = sourcecode.swift; path = "로또의 최고 순위와 최저 순위.swift"; sourceTree = "<group>"; };
		3E953AA829CFE87B0073302F /* 기사단원의 무기.swift */ = {isa = PBXFileReference; lastKnownFileType = sourcecode.swift; path = "기사단원의 무기.swift"; sourceTree = "<group>"; };
		3E953AAA29D0AB130073302F /* 체육복.swift */ = {isa = PBXFileReference; lastKnownFileType = sourcecode.swift; path = "체육복.swift"; sourceTree = "<group>"; };
		3E953AAC29D165B90073302F /* 숫자 짝궁.swift */ = {isa = PBXFileReference; lastKnownFileType = sourcecode.swift; path = "숫자 짝궁.swift"; sourceTree = "<group>"; };
		3E953AAE29D2D8AD0073302F /* 키패드 누르기.swift */ = {isa = PBXFileReference; lastKnownFileType = sourcecode.swift; path = "키패드 누르기.swift"; sourceTree = "<group>"; };
		3E953AB029D4096C0073302F /* 크레인 인형뽑기 게임.swift */ = {isa = PBXFileReference; lastKnownFileType = sourcecode.swift; path = "크레인 인형뽑기 게임.swift"; sourceTree = "<group>"; };
		3E953AB229D53C660073302F /* 신규 아이디 추천.swift */ = {isa = PBXFileReference; lastKnownFileType = sourcecode.swift; path = "신규 아이디 추천.swift"; sourceTree = "<group>"; };
		3E953AB429D6DDFD0073302F /* 성격 유형 검사하기.swift */ = {isa = PBXFileReference; lastKnownFileType = sourcecode.swift; path = "성격 유형 검사하기.swift"; sourceTree = "<group>"; };
		3E953AB629D7BD910073302F /* 햄버거 만들기.swift */ = {isa = PBXFileReference; lastKnownFileType = sourcecode.swift; path = "햄버거 만들기.swift"; sourceTree = "<group>"; };
		3E95FFD92B181A350082BFDB /* 수식 최대화.swift */ = {isa = PBXFileReference; lastKnownFileType = sourcecode.swift; path = "수식 최대화.swift"; sourceTree = "<group>"; };
		3E9F17802B16C54900131338 /* [3차] n진수 게임.swift */ = {isa = PBXFileReference; lastKnownFileType = sourcecode.swift; path = "[3차] n진수 게임.swift"; sourceTree = "<group>"; };
		3EA69B1C2B535962008AE23B /* 110 옮기기.swift */ = {isa = PBXFileReference; lastKnownFileType = sourcecode.swift; path = "110 옮기기.swift"; sourceTree = "<group>"; };
		3EA69B1E2B543EBB008AE23B /* 자물쇠와 열쇠.swift */ = {isa = PBXFileReference; lastKnownFileType = sourcecode.swift; path = "자물쇠와 열쇠.swift"; sourceTree = "<group>"; };
		3EA69B202B54DBD6008AE23B /* 외벽 점검.swift */ = {isa = PBXFileReference; lastKnownFileType = sourcecode.swift; path = "외벽 점검.swift"; sourceTree = "<group>"; };
		3EA69B6C2B566513008AE23B /* 연속 펄스 부분 수열의 합.swift */ = {isa = PBXFileReference; lastKnownFileType = sourcecode.swift; path = "연속 펄스 부분 수열의 합.swift"; sourceTree = "<group>"; };
		3EA69B702B5791AB008AE23B /* 오픈채팅방.swift */ = {isa = PBXFileReference; lastKnownFileType = sourcecode.swift; path = "오픈채팅방.swift"; sourceTree = "<group>"; };
		3EA69B722B58B122008AE23B /* 무인도 여행.swift */ = {isa = PBXFileReference; lastKnownFileType = sourcecode.swift; path = "무인도 여행.swift"; sourceTree = "<group>"; };
		3EA69BC82B5A3009008AE23B /* 이모티콘 할인행사.swift */ = {isa = PBXFileReference; lastKnownFileType = sourcecode.swift; path = "이모티콘 할인행사.swift"; sourceTree = "<group>"; };
		3EA69C062B5DF7D5008AE23B /* main.swift */ = {isa = PBXFileReference; lastKnownFileType = sourcecode.swift; path = main.swift; sourceTree = "<group>"; };
		3EC6C5662B11C07D00EF857A /* 2번.swift */ = {isa = PBXFileReference; lastKnownFileType = sourcecode.swift; path = "2번.swift"; sourceTree = "<group>"; };
		3EC6C5682B11D5C900EF857A /* 3번.swift */ = {isa = PBXFileReference; lastKnownFileType = sourcecode.swift; path = "3번.swift"; sourceTree = "<group>"; };
		3EC6C56B2B11D87D00EF857A /* 금과 은 운반하기.swift */ = {isa = PBXFileReference; lastKnownFileType = sourcecode.swift; path = "금과 은 운반하기.swift"; sourceTree = "<group>"; };
		3EC6C56D2B11E6E100EF857A /* 4번.swift */ = {isa = PBXFileReference; lastKnownFileType = sourcecode.swift; path = "4번.swift"; sourceTree = "<group>"; };
		3EC8DF012B242A18003CE782 /* 퍼즐 조각 채우기.swift */ = {isa = PBXFileReference; lastKnownFileType = sourcecode.swift; path = "퍼즐 조각 채우기.swift"; sourceTree = "<group>"; };
		3EC8DF032B282838003CE782 /* [1차] 추석 트래픽.swift */ = {isa = PBXFileReference; lastKnownFileType = sourcecode.swift; path = "[1차] 추석 트래픽.swift"; sourceTree = "<group>"; };
		3EE260E82B1575F100D6F602 /* 괄호 변환.swift */ = {isa = PBXFileReference; lastKnownFileType = sourcecode.swift; path = "괄호 변환.swift"; sourceTree = "<group>"; };
		3EE4CCB32B390FBA00DCEB79 /* 순위.swift */ = {isa = PBXFileReference; lastKnownFileType = sourcecode.swift; path = "순위.swift"; sourceTree = "<group>"; };
		3EE4CCBE2B3C016A00DCEB79 /* 입국심사.swift */ = {isa = PBXFileReference; lastKnownFileType = sourcecode.swift; path = "입국심사.swift"; sourceTree = "<group>"; };
		3EE4CCC52B3D912F00DCEB79 /* [X] 사라지는 발판.swift */ = {isa = PBXFileReference; lastKnownFileType = sourcecode.swift; path = "[X] 사라지는 발판.swift"; sourceTree = "<group>"; };
		3EE4CCDF2B3FBBF200DCEB79 /* 풍성 터트리기.swift */ = {isa = PBXFileReference; lastKnownFileType = sourcecode.swift; path = "풍성 터트리기.swift"; sourceTree = "<group>"; };
		3EE4CCE52B41362700DCEB79 /* 지형 이동.swift */ = {isa = PBXFileReference; lastKnownFileType = sourcecode.swift; path = "지형 이동.swift"; sourceTree = "<group>"; };
		3EF087892B29D92A004B5471 /* [1차] 셔틀버스.swift */ = {isa = PBXFileReference; lastKnownFileType = sourcecode.swift; path = "[1차] 셔틀버스.swift"; sourceTree = "<group>"; };
		3EF0878D2B2AC7C5004B5471 /* 올바른 괄호의 개수.swift */ = {isa = PBXFileReference; lastKnownFileType = sourcecode.swift; path = "올바른 괄호의 개수.swift"; sourceTree = "<group>"; };
		3EF1BDF52B4309D600827434 /* 다단계 칫솔 판매.swift */ = {isa = PBXFileReference; lastKnownFileType = sourcecode.swift; path = "다단계 칫솔 판매.swift"; sourceTree = "<group>"; };
		3EF1BDF72B43A23C00827434 /* 쿠키 구입.swift */ = {isa = PBXFileReference; lastKnownFileType = sourcecode.swift; path = "쿠키 구입.swift"; sourceTree = "<group>"; };
		3EF1BE492B4520CD00827434 /* 숫자 게임.swift */ = {isa = PBXFileReference; lastKnownFileType = sourcecode.swift; path = "숫자 게임.swift"; sourceTree = "<group>"; };
		3EF53CE429EBC2650076FA7A /* 위장.swift */ = {isa = PBXFileReference; lastKnownFileType = sourcecode.swift; path = "위장.swift"; sourceTree = "<group>"; };
		3EF53CE729ECE7D00076FA7A /* [X] 프로세스.swift */ = {isa = PBXFileReference; lastKnownFileType = sourcecode.swift; path = "[X] 프로세스.swift"; sourceTree = "<group>"; };
		3EF7905829E00A570052578E /* 올바른 괄호.swift */ = {isa = PBXFileReference; lastKnownFileType = sourcecode.swift; path = "올바른 괄호.swift"; sourceTree = "<group>"; };
		3EF7905A29E0F05E0052578E /* 점프와 순간 이동.swift */ = {isa = PBXFileReference; lastKnownFileType = sourcecode.swift; path = "점프와 순간 이동.swift"; sourceTree = "<group>"; };
		3EF7909729E23C2A0052578E /* [△]괄호 회전하기.swift */ = {isa = PBXFileReference; lastKnownFileType = sourcecode.swift; path = "[△]괄호 회전하기.swift"; sourceTree = "<group>"; };
		3EF790A229E4F6840052578E /* [1차] 캐시.swift */ = {isa = PBXFileReference; lastKnownFileType = sourcecode.swift; path = "[1차] 캐시.swift"; sourceTree = "<group>"; };
		3EF790A429E5057D0052578E /* 튜플.swift */ = {isa = PBXFileReference; lastKnownFileType = sourcecode.swift; path = "튜플.swift"; sourceTree = "<group>"; };
		3EF790E229E6F1B20052578E /* H-index.swift */ = {isa = PBXFileReference; lastKnownFileType = sourcecode.swift; path = "H-index.swift"; sourceTree = "<group>"; };
		3EF790FE29E7A33B0052578E /* 기능개발.swift */ = {isa = PBXFileReference; lastKnownFileType = sourcecode.swift; path = "기능개발.swift"; sourceTree = "<group>"; };
		3EF7910A29E8EA440052578E /* [X] [1차] 뉴스 클러스터링.swift */ = {isa = PBXFileReference; lastKnownFileType = sourcecode.swift; path = "[X] [1차] 뉴스 클러스터링.swift"; sourceTree = "<group>"; };
/* End PBXFileReference section */

/* Begin PBXFrameworksBuildPhase section */
		3E953A8529C19F810073302F /* Frameworks */ = {
			isa = PBXFrameworksBuildPhase;
			buildActionMask = 2147483647;
			files = (
			);
			runOnlyForDeploymentPostprocessing = 0;
		};
/* End PBXFrameworksBuildPhase section */

/* Begin PBXGroup section */
		3E1236552B346F3D003F983B /* Level4 */ = {
			isa = PBXGroup;
			children = (
				3EF1BDF72B43A23C00827434 /* 쿠키 구입.swift */,
				3EE4CCE52B41362700DCEB79 /* 지형 이동.swift */,
				3E1236562B346F72003F983B /* [3차] 자동완성.swift */,
				3EF0878D2B2AC7C5004B5471 /* 올바른 괄호의 개수.swift */,
				3E2688352B4B779D0038889D /* 1,2,3 떨어트리기.swift */,
				3E2688332B4A410E0038889D /* 베스트앨범.swift */,
			);
			path = Level4;
			sourceTree = "<group>";
		};
		3E61EE842AA5B81D004F25DB /* Level3 */ = {
			isa = PBXGroup;
			children = (
				3EA69B6C2B566513008AE23B /* 연속 펄스 부분 수열의 합.swift */,
				3EA69B202B54DBD6008AE23B /* 외벽 점검.swift */,
				3EA69B1E2B543EBB008AE23B /* 자물쇠와 열쇠.swift */,
				3EA69B1C2B535962008AE23B /* 110 옮기기.swift */,
				3E2688432B4FB7AA0038889D /* [△]기둥과 보 설치.swift */,
				3E2688412B4E29780038889D /* 섬 연결하기.swift */,
				3E26882E2B47A3860038889D /* 보석 쇼핑.swift */,
				3E26882C2B4638310038889D /* [△] N으로 표현.swift */,
				3EF087892B29D92A004B5471 /* [1차] 셔틀버스.swift */,
				3EC8DF032B282838003CE782 /* [1차] 추석 트래픽.swift */,
				3EC8DF012B242A18003CE782 /* 퍼즐 조각 채우기.swift */,
				3E0756932B1D70BC00E22A68 /* 불량 사용자.swift */,
				3E07568F2B1C1F8C00E22A68 /* 네트워크.swift */,
				3E0756842B197DF700E22A68 /* 가장 먼 노드.swift */,
				3EC6C56B2B11D87D00EF857A /* 금과 은 운반하기.swift */,
				3E3F458A2AF21C7F00B9D6AA /* 이중우선순위큐.swift */,
				3E61EE802AA59B76004F25DB /* 단어변환.swift */,
				3E61EE822AA5B7D8004F25DB /* [△] 합승 택시 요금.swift */,
				3E0C2D1A2B05E37C00895281 /* [진행중] 양과 늑대.swift */,
				3E4EA46D2B0F895200AA6B81 /* 등산코스 정하기.swift */,
				3EE4CCB32B390FBA00DCEB79 /* 순위.swift */,
				3EE4CCBE2B3C016A00DCEB79 /* 입국심사.swift */,
				3EE4CCC52B3D912F00DCEB79 /* [X] 사라지는 발판.swift */,
				3EE4CCDF2B3FBBF200DCEB79 /* 풍성 터트리기.swift */,
				3EF1BDF52B4309D600827434 /* 다단계 칫솔 판매.swift */,
				3EF1BE492B4520CD00827434 /* 숫자 게임.swift */,
			);
			path = Level3;
			sourceTree = "<group>";
		};
		3E83B11F29FA20750015A7E0 /* Level1 */ = {
			isa = PBXGroup;
			children = (
				3E1A61B02B0A2A7A0017DD28 /* 달리기 경주.swift */,
				3E1A61AE2B0A2A2B0017DD28 /* 수포자.swift */,
				3E6D7B8529D90C6C0000D73C /* [X]둘 만의 암호.swift */,
				3E953A8B29C19F810073302F /* 다항식 더하기.swift */,
				3E953A9229C1AF8F0073302F /* 최빈값 구하기.swift */,
				3E953A9929C44D630073302F /* 다음에 올 숫자.swift */,
				3E953A9B29C5934E0073302F /* 안전지대.swift */,
				3E953A9D29C82E630073302F /* 평행.swift */,
				3E953A9F29C97F160073302F /* 옹알이(1).swift */,
				3E953AA129CAC0040073302F /* 명예의 전당(1).swift */,
				3E953AA329CC0B590073302F /* [1차]다트게임.swift */,
				3E953AA629CD6CE20073302F /* 로또의 최고 순위와 최저 순위.swift */,
				3E953AA829CFE87B0073302F /* 기사단원의 무기.swift */,
				3E953AAA29D0AB130073302F /* 체육복.swift */,
				3E953AAC29D165B90073302F /* 숫자 짝궁.swift */,
				3E953AAE29D2D8AD0073302F /* 키패드 누르기.swift */,
				3E953AB029D4096C0073302F /* 크레인 인형뽑기 게임.swift */,
				3E953AB229D53C660073302F /* 신규 아이디 추천.swift */,
				3E953AB429D6DDFD0073302F /* 성격 유형 검사하기.swift */,
				3E953AB629D7BD910073302F /* 햄버거 만들기.swift */,
				3E6D7B8929DA71120000D73C /* 개인정보 수집 유효기간.swift */,
				3E6D7BAB29DC51E80000D73C /* 신고 결과 받기.swift */,
				3E6D7BB329DD4A1A0000D73C /* 실패율.swift */,
				3E6D7BB529DEC52F0000D73C /* 소수 만들기.swift */,
			);
			path = Level1;
			sourceTree = "<group>";
		};
		3E83B12029FA207E0015A7E0 /* Level2 */ = {
			isa = PBXGroup;
			children = (
				3EA69BC82B5A3009008AE23B /* 이모티콘 할인행사.swift */,
				3EA69B722B58B122008AE23B /* 무인도 여행.swift */,
				3EA69B702B5791AB008AE23B /* 오픈채팅방.swift */,
				3E26883D2B4E12980038889D /* n개의 최소공배수.swift */,
				3E26883B2B4CD2560038889D /* 영어 끝말잇기.swift */,
				3E2688392B4CBCB40038889D /* 스킬트리.swift */,
				3E2688372B4B86550038889D /* 최솟값 만들기.swift */,
				3E9F17802B16C54900131338 /* [3차] n진수 게임.swift */,
				3EE260E82B1575F100D6F602 /* 괄호 변환.swift */,
				3E0CE5712B1336F200CB0CC0 /* 배달.swift */,
				3E92C49D2AFDF9EE00510BB8 /* 리코쳇 로봇.swift */,
				3E92C49B2AFCD77100510BB8 /* [3차] 파일명 정렬.swift */,
				3E92C4992AFCAFCE00510BB8 /* 삼각 달팽이.swift */,
				3E923C522AF513FE00694077 /* 주차 요금 계산.swift */,
				3E3F45882AF20F8300B9D6AA /* 전력망을 둘로 나누기.swift */,
				3EF7909729E23C2A0052578E /* [△]괄호 회전하기.swift */,
				3EF7905829E00A570052578E /* 올바른 괄호.swift */,
				3EF7905A29E0F05E0052578E /* 점프와 순간 이동.swift */,
				3EF790A229E4F6840052578E /* [1차] 캐시.swift */,
				3EF53CE429EBC2650076FA7A /* 위장.swift */,
				3EF790A429E5057D0052578E /* 튜플.swift */,
				3EF790E229E6F1B20052578E /* H-index.swift */,
				3EF790FE29E7A33B0052578E /* 기능개발.swift */,
				3E83B11B29FA10E40015A7E0 /* 타겟 넘버.swift */,
				3EF7910A29E8EA440052578E /* [X] [1차] 뉴스 클러스터링.swift */,
				3EF53CE729ECE7D00076FA7A /* [X] 프로세스.swift */,
				3E923C562AF64F3700694077 /* 프로세스.swift */,
				3E83B11D29FA20200015A7E0 /* [3차] 압축.swift */,
				3E4EA4692B0DDDC800AA6B81 /* 카펫.swift */,
				3E1A61B22B0A34930017DD28 /* 두 큐 합 같게 만들기.swift */,
				3E95FFD92B181A350082BFDB /* 수식 최대화.swift */,
				3E26883F2B4E16D10038889D /* 우박수열 정적분.swift */,
			);
			path = Level2;
			sourceTree = "<group>";
		};
		3E953A7F29C19F800073302F = {
			isa = PBXGroup;
			children = (
				3E953A8A29C19F810073302F /* Swift_programmers */,
				3E953A8929C19F810073302F /* Products */,
			);
			sourceTree = "<group>";
		};
		3E953A8929C19F810073302F /* Products */ = {
			isa = PBXGroup;
			children = (
				3E953A8829C19F810073302F /* Swift_programmers */,
			);
			name = Products;
			sourceTree = "<group>";
		};
		3E953A8A29C19F810073302F /* Swift_programmers */ = {
			isa = PBXGroup;
			children = (
				3EC6C5642B11C06600EF857A /* KAKAO 2024 Internship */,
				3E1236552B346F3D003F983B /* Level4 */,
				3E61EE842AA5B81D004F25DB /* Level3 */,
				3E83B12029FA207E0015A7E0 /* Level2 */,
				3E83B11F29FA20750015A7E0 /* Level1 */,
				3EA69C062B5DF7D5008AE23B /* main.swift */,
			);
			path = Swift_programmers;
			sourceTree = "<group>";
		};
		3EC6C5642B11C06600EF857A /* KAKAO 2024 Internship */ = {
			isa = PBXGroup;
			children = (
				3E4EA4BA2B11991900AA6B81 /* 1번.swift */,
				3EC6C5662B11C07D00EF857A /* 2번.swift */,
				3EC6C5682B11D5C900EF857A /* 3번.swift */,
				3EC6C56D2B11E6E100EF857A /* 4번.swift */,
			);
			path = "KAKAO 2024 Internship";
			sourceTree = "<group>";
		};
/* End PBXGroup section */

/* Begin PBXNativeTarget section */
		3E953A8729C19F810073302F /* Swift_programmers */ = {
			isa = PBXNativeTarget;
			buildConfigurationList = 3E953A8F29C19F810073302F /* Build configuration list for PBXNativeTarget "Swift_programmers" */;
			buildPhases = (
				3E953A8429C19F810073302F /* Sources */,
				3E953A8529C19F810073302F /* Frameworks */,
				3E953A8629C19F810073302F /* CopyFiles */,
			);
			buildRules = (
			);
			dependencies = (
			);
			name = Swift_programmers;
			productName = Swift_programmers;
			productReference = 3E953A8829C19F810073302F /* Swift_programmers */;
			productType = "com.apple.product-type.tool";
		};
/* End PBXNativeTarget section */

/* Begin PBXProject section */
		3E953A8029C19F800073302F /* Project object */ = {
			isa = PBXProject;
			attributes = {
				BuildIndependentTargetsInParallel = 1;
				LastSwiftUpdateCheck = 1420;
				LastUpgradeCheck = 1420;
				TargetAttributes = {
					3E953A8729C19F810073302F = {
						CreatedOnToolsVersion = 14.2;
						LastSwiftMigration = 1520;
					};
				};
			};
			buildConfigurationList = 3E953A8329C19F800073302F /* Build configuration list for PBXProject "Swift_programmers" */;
			compatibilityVersion = "Xcode 14.0";
			developmentRegion = en;
			hasScannedForEncodings = 0;
			knownRegions = (
				en,
				Base,
			);
			mainGroup = 3E953A7F29C19F800073302F;
			productRefGroup = 3E953A8929C19F810073302F /* Products */;
			projectDirPath = "";
			projectRoot = "";
			targets = (
				3E953A8729C19F810073302F /* Swift_programmers */,
			);
		};
/* End PBXProject section */

/* Begin PBXSourcesBuildPhase section */
		3E953A8429C19F810073302F /* Sources */ = {
			isa = PBXSourcesBuildPhase;
			buildActionMask = 2147483647;
			files = (
				3EA69C072B5DF7D5008AE23B /* main.swift in Sources */,
			);
			runOnlyForDeploymentPostprocessing = 0;
		};
/* End PBXSourcesBuildPhase section */

/* Begin XCBuildConfiguration section */
		3E953A8D29C19F810073302F /* Debug */ = {
			isa = XCBuildConfiguration;
			buildSettings = {
				ALWAYS_SEARCH_USER_PATHS = NO;
				CLANG_ANALYZER_NONNULL = YES;
				CLANG_ANALYZER_NUMBER_OBJECT_CONVERSION = YES_AGGRESSIVE;
				CLANG_CXX_LANGUAGE_STANDARD = "gnu++20";
				CLANG_ENABLE_MODULES = YES;
				CLANG_ENABLE_OBJC_ARC = YES;
				CLANG_ENABLE_OBJC_WEAK = YES;
				CLANG_WARN_BLOCK_CAPTURE_AUTORELEASING = YES;
				CLANG_WARN_BOOL_CONVERSION = YES;
				CLANG_WARN_COMMA = YES;
				CLANG_WARN_CONSTANT_CONVERSION = YES;
				CLANG_WARN_DEPRECATED_OBJC_IMPLEMENTATIONS = YES;
				CLANG_WARN_DIRECT_OBJC_ISA_USAGE = YES_ERROR;
				CLANG_WARN_DOCUMENTATION_COMMENTS = YES;
				CLANG_WARN_EMPTY_BODY = YES;
				CLANG_WARN_ENUM_CONVERSION = YES;
				CLANG_WARN_INFINITE_RECURSION = YES;
				CLANG_WARN_INT_CONVERSION = YES;
				CLANG_WARN_NON_LITERAL_NULL_CONVERSION = YES;
				CLANG_WARN_OBJC_IMPLICIT_RETAIN_SELF = YES;
				CLANG_WARN_OBJC_LITERAL_CONVERSION = YES;
				CLANG_WARN_OBJC_ROOT_CLASS = YES_ERROR;
				CLANG_WARN_QUOTED_INCLUDE_IN_FRAMEWORK_HEADER = YES;
				CLANG_WARN_RANGE_LOOP_ANALYSIS = YES;
				CLANG_WARN_STRICT_PROTOTYPES = YES;
				CLANG_WARN_SUSPICIOUS_MOVE = YES;
				CLANG_WARN_UNGUARDED_AVAILABILITY = YES_AGGRESSIVE;
				CLANG_WARN_UNREACHABLE_CODE = YES;
				CLANG_WARN__DUPLICATE_METHOD_MATCH = YES;
				COPY_PHASE_STRIP = NO;
				DEBUG_INFORMATION_FORMAT = dwarf;
				ENABLE_STRICT_OBJC_MSGSEND = YES;
				ENABLE_TESTABILITY = YES;
				GCC_C_LANGUAGE_STANDARD = gnu11;
				GCC_DYNAMIC_NO_PIC = NO;
				GCC_NO_COMMON_BLOCKS = YES;
				GCC_OPTIMIZATION_LEVEL = 0;
				GCC_PREPROCESSOR_DEFINITIONS = (
					"DEBUG=1",
					"$(inherited)",
				);
				GCC_WARN_64_TO_32_BIT_CONVERSION = YES;
				GCC_WARN_ABOUT_RETURN_TYPE = YES_ERROR;
				GCC_WARN_UNDECLARED_SELECTOR = YES;
				GCC_WARN_UNINITIALIZED_AUTOS = YES_AGGRESSIVE;
				GCC_WARN_UNUSED_FUNCTION = YES;
				GCC_WARN_UNUSED_VARIABLE = YES;
				MACOSX_DEPLOYMENT_TARGET = 13.1;
				MTL_ENABLE_DEBUG_INFO = INCLUDE_SOURCE;
				MTL_FAST_MATH = YES;
				ONLY_ACTIVE_ARCH = YES;
				SDKROOT = macosx;
				SWIFT_ACTIVE_COMPILATION_CONDITIONS = DEBUG;
				SWIFT_OPTIMIZATION_LEVEL = "-Onone";
			};
			name = Debug;
		};
		3E953A8E29C19F810073302F /* Release */ = {
			isa = XCBuildConfiguration;
			buildSettings = {
				ALWAYS_SEARCH_USER_PATHS = NO;
				CLANG_ANALYZER_NONNULL = YES;
				CLANG_ANALYZER_NUMBER_OBJECT_CONVERSION = YES_AGGRESSIVE;
				CLANG_CXX_LANGUAGE_STANDARD = "gnu++20";
				CLANG_ENABLE_MODULES = YES;
				CLANG_ENABLE_OBJC_ARC = YES;
				CLANG_ENABLE_OBJC_WEAK = YES;
				CLANG_WARN_BLOCK_CAPTURE_AUTORELEASING = YES;
				CLANG_WARN_BOOL_CONVERSION = YES;
				CLANG_WARN_COMMA = YES;
				CLANG_WARN_CONSTANT_CONVERSION = YES;
				CLANG_WARN_DEPRECATED_OBJC_IMPLEMENTATIONS = YES;
				CLANG_WARN_DIRECT_OBJC_ISA_USAGE = YES_ERROR;
				CLANG_WARN_DOCUMENTATION_COMMENTS = YES;
				CLANG_WARN_EMPTY_BODY = YES;
				CLANG_WARN_ENUM_CONVERSION = YES;
				CLANG_WARN_INFINITE_RECURSION = YES;
				CLANG_WARN_INT_CONVERSION = YES;
				CLANG_WARN_NON_LITERAL_NULL_CONVERSION = YES;
				CLANG_WARN_OBJC_IMPLICIT_RETAIN_SELF = YES;
				CLANG_WARN_OBJC_LITERAL_CONVERSION = YES;
				CLANG_WARN_OBJC_ROOT_CLASS = YES_ERROR;
				CLANG_WARN_QUOTED_INCLUDE_IN_FRAMEWORK_HEADER = YES;
				CLANG_WARN_RANGE_LOOP_ANALYSIS = YES;
				CLANG_WARN_STRICT_PROTOTYPES = YES;
				CLANG_WARN_SUSPICIOUS_MOVE = YES;
				CLANG_WARN_UNGUARDED_AVAILABILITY = YES_AGGRESSIVE;
				CLANG_WARN_UNREACHABLE_CODE = YES;
				CLANG_WARN__DUPLICATE_METHOD_MATCH = YES;
				COPY_PHASE_STRIP = NO;
				DEBUG_INFORMATION_FORMAT = "dwarf-with-dsym";
				ENABLE_NS_ASSERTIONS = NO;
				ENABLE_STRICT_OBJC_MSGSEND = YES;
				GCC_C_LANGUAGE_STANDARD = gnu11;
				GCC_NO_COMMON_BLOCKS = YES;
				GCC_WARN_64_TO_32_BIT_CONVERSION = YES;
				GCC_WARN_ABOUT_RETURN_TYPE = YES_ERROR;
				GCC_WARN_UNDECLARED_SELECTOR = YES;
				GCC_WARN_UNINITIALIZED_AUTOS = YES_AGGRESSIVE;
				GCC_WARN_UNUSED_FUNCTION = YES;
				GCC_WARN_UNUSED_VARIABLE = YES;
				MACOSX_DEPLOYMENT_TARGET = 13.1;
				MTL_ENABLE_DEBUG_INFO = NO;
				MTL_FAST_MATH = YES;
				SDKROOT = macosx;
				SWIFT_COMPILATION_MODE = wholemodule;
				SWIFT_OPTIMIZATION_LEVEL = "-O";
			};
			name = Release;
		};
		3E953A9029C19F810073302F /* Debug */ = {
			isa = XCBuildConfiguration;
			buildSettings = {
				CLANG_ENABLE_MODULES = YES;
				CODE_SIGN_STYLE = Automatic;
				DEVELOPMENT_TEAM = S9G6YGQ76H;
				ENABLE_HARDENED_RUNTIME = YES;
				LD_RUNPATH_SEARCH_PATHS = (
					"$(inherited)",
					"@executable_path/../Frameworks",
					"@loader_path/../Frameworks",
				);
				PRODUCT_NAME = "$(TARGET_NAME)";
				SWIFT_OPTIMIZATION_LEVEL = "-Onone";
				SWIFT_VERSION = 5.0;
			};
			name = Debug;
		};
		3E953A9129C19F810073302F /* Release */ = {
			isa = XCBuildConfiguration;
			buildSettings = {
				CLANG_ENABLE_MODULES = YES;
				CODE_SIGN_STYLE = Automatic;
				DEVELOPMENT_TEAM = S9G6YGQ76H;
				ENABLE_HARDENED_RUNTIME = YES;
				LD_RUNPATH_SEARCH_PATHS = (
					"$(inherited)",
					"@executable_path/../Frameworks",
					"@loader_path/../Frameworks",
				);
				PRODUCT_NAME = "$(TARGET_NAME)";
				SWIFT_VERSION = 5.0;
			};
			name = Release;
		};
/* End XCBuildConfiguration section */

/* Begin XCConfigurationList section */
		3E953A8329C19F800073302F /* Build configuration list for PBXProject "Swift_programmers" */ = {
			isa = XCConfigurationList;
			buildConfigurations = (
				3E953A8D29C19F810073302F /* Debug */,
				3E953A8E29C19F810073302F /* Release */,
			);
			defaultConfigurationIsVisible = 0;
			defaultConfigurationName = Release;
		};
		3E953A8F29C19F810073302F /* Build configuration list for PBXNativeTarget "Swift_programmers" */ = {
			isa = XCConfigurationList;
			buildConfigurations = (
				3E953A9029C19F810073302F /* Debug */,
				3E953A9129C19F810073302F /* Release */,
			);
			defaultConfigurationIsVisible = 0;
			defaultConfigurationName = Release;
		};
/* End XCConfigurationList section */
	};
	rootObject = 3E953A8029C19F800073302F /* Project object */;
}
